{
  "name": "ck",
  "lockfileVersion": 2,
  "requires": true,
  "packages": {
    "": {
      "dependencies": {
        "@ckeditor/ckeditor5-build-classic": "^32.0.0",
        "@ckeditor/ckeditor5-ckfinder": "^32.0.0",
        "ckeditor5": "^32.0.0",
        "json-format": "^1.0.1",
        "node-cron": "^3.0.0",
        "shelljs": "^0.8.5"
      }
    },
    "node_modules/@ckeditor/ckeditor5-adapter-ckfinder": {
      "version": "32.0.0",
      "resolved": "https://registry.npmjs.org/@ckeditor/ckeditor5-adapter-ckfinder/-/ckeditor5-adapter-ckfinder-32.0.0.tgz",
      "integrity": "sha512-DCK4CPW4M4pEJW/zC6yo8zGGGDXfjsEQRGkTiF4QjHODh3QYBc6O0Oy4mzCuEIobkyMfcUAqEh3UQQVgEM8B+Q==",
      "dependencies": {
        "ckeditor5": "^32.0.0"
      },
      "engines": {
        "node": ">=14.0.0",
        "npm": ">=5.7.1"
      }
    },
    "node_modules/@ckeditor/ckeditor5-autoformat": {
      "version": "32.0.0",
      "resolved": "https://registry.npmjs.org/@ckeditor/ckeditor5-autoformat/-/ckeditor5-autoformat-32.0.0.tgz",
      "integrity": "sha512-9zg1Rm/ak+zflH+p3zUjxZgK0iPAhDA+/vElBXQSVANATYqNxa4gszM/PDIl71tMpy6Yc+De9/eTFiazxsR9zA==",
      "dependencies": {
        "ckeditor5": "^32.0.0"
      },
      "engines": {
        "node": ">=14.0.0",
        "npm": ">=5.7.1"
      }
    },
    "node_modules/@ckeditor/ckeditor5-basic-styles": {
      "version": "32.0.0",
      "resolved": "https://registry.npmjs.org/@ckeditor/ckeditor5-basic-styles/-/ckeditor5-basic-styles-32.0.0.tgz",
      "integrity": "sha512-Y3YzhHkCIbh1XqMGJKMOWnKtoLY7AbwquBI4rC1i2bGbO5iAlwfyiLeikstMM8ft2PbWFsXDeVPa3kRnBBQwDQ==",
      "dependencies": {
        "ckeditor5": "^32.0.0"
      },
      "engines": {
        "node": ">=14.0.0",
        "npm": ">=5.7.1"
      }
    },
    "node_modules/@ckeditor/ckeditor5-block-quote": {
      "version": "32.0.0",
      "resolved": "https://registry.npmjs.org/@ckeditor/ckeditor5-block-quote/-/ckeditor5-block-quote-32.0.0.tgz",
      "integrity": "sha512-A+htu5dwy5+lcbdwwFIBntcqVdD87ELyDIfOsrW4KUNOFpE1nnlFE2TPlYl5+kKWkhFcYPU/dVl9Ebnj/bb0ng==",
      "dependencies": {
        "ckeditor5": "^32.0.0"
      },
      "engines": {
        "node": ">=14.0.0",
        "npm": ">=5.7.1"
      }
    },
    "node_modules/@ckeditor/ckeditor5-build-classic": {
      "version": "32.0.0",
      "resolved": "https://registry.npmjs.org/@ckeditor/ckeditor5-build-classic/-/ckeditor5-build-classic-32.0.0.tgz",
      "integrity": "sha512-BUYJAuV6PRdswv7f98zMg787TxYMZGRLKYJN8jxSqNtEpPo62LYyvwCXRneWAdM6en5y6oVGxdPrjvqHRRxX5w==",
      "dependencies": {
        "@ckeditor/ckeditor5-adapter-ckfinder": "^32.0.0",
        "@ckeditor/ckeditor5-autoformat": "^32.0.0",
        "@ckeditor/ckeditor5-basic-styles": "^32.0.0",
        "@ckeditor/ckeditor5-block-quote": "^32.0.0",
        "@ckeditor/ckeditor5-ckfinder": "^32.0.0",
        "@ckeditor/ckeditor5-cloud-services": "^32.0.0",
        "@ckeditor/ckeditor5-easy-image": "^32.0.0",
        "@ckeditor/ckeditor5-editor-classic": "^32.0.0",
        "@ckeditor/ckeditor5-essentials": "^32.0.0",
        "@ckeditor/ckeditor5-heading": "^32.0.0",
        "@ckeditor/ckeditor5-image": "^32.0.0",
        "@ckeditor/ckeditor5-indent": "^32.0.0",
        "@ckeditor/ckeditor5-link": "^32.0.0",
        "@ckeditor/ckeditor5-list": "^32.0.0",
        "@ckeditor/ckeditor5-media-embed": "^32.0.0",
        "@ckeditor/ckeditor5-paragraph": "^32.0.0",
        "@ckeditor/ckeditor5-paste-from-office": "^32.0.0",
        "@ckeditor/ckeditor5-table": "^32.0.0",
        "@ckeditor/ckeditor5-typing": "^32.0.0"
      },
      "engines": {
        "node": ">=14.0.0",
        "npm": ">=5.7.1"
      }
    },
    "node_modules/@ckeditor/ckeditor5-ckfinder": {
      "version": "32.0.0",
      "resolved": "https://registry.npmjs.org/@ckeditor/ckeditor5-ckfinder/-/ckeditor5-ckfinder-32.0.0.tgz",
      "integrity": "sha512-1XOr+S26Gt2CNZxnIzxURwCpZXGnNW56ZTPqHa2NHLgemm+KYs3+iR8/AQj9HCW5za+ZFmj0I5Ztqq9Pssya1w==",
      "dependencies": {
        "ckeditor5": "^32.0.0"
      },
      "engines": {
        "node": ">=14.0.0",
        "npm": ">=5.7.1"
      }
    },
    "node_modules/@ckeditor/ckeditor5-clipboard": {
      "version": "32.0.0",
      "resolved": "https://registry.npmjs.org/@ckeditor/ckeditor5-clipboard/-/ckeditor5-clipboard-32.0.0.tgz",
      "integrity": "sha512-Irk+XMCaG6lEBHh4ffPVfP66CEfOIGokADM0w7Z11xrPGqz1UCWrdu2CGoEaEDWw3+7c5/IjDh9jmZ5xG8TZmQ==",
      "dependencies": {
        "@ckeditor/ckeditor5-core": "^32.0.0",
        "@ckeditor/ckeditor5-engine": "^32.0.0",
        "@ckeditor/ckeditor5-utils": "^32.0.0",
        "@ckeditor/ckeditor5-widget": "^32.0.0",
        "lodash-es": "^4.17.11"
      },
      "engines": {
        "node": ">=14.0.0",
        "npm": ">=5.7.1"
      }
    },
    "node_modules/@ckeditor/ckeditor5-cloud-services": {
      "version": "32.0.0",
      "resolved": "https://registry.npmjs.org/@ckeditor/ckeditor5-cloud-services/-/ckeditor5-cloud-services-32.0.0.tgz",
      "integrity": "sha512-hpbZP4Ue9glkK35+6/Tv+Zw6S/gWA7qNhuUWFEQ22kClKpiEH+2SOnQrTWBRrHVMLRm3GXIfq9sIvv3Ndi0a2w==",
      "dependencies": {
        "ckeditor5": "^32.0.0"
      },
      "engines": {
        "node": ">=14.0.0",
        "npm": ">=5.7.1"
      }
    },
    "node_modules/@ckeditor/ckeditor5-core": {
      "version": "32.0.0",
      "resolved": "https://registry.npmjs.org/@ckeditor/ckeditor5-core/-/ckeditor5-core-32.0.0.tgz",
      "integrity": "sha512-Vf13S2EQ/R7ULFHt13Is6lOunq3tWROqNsE9oclSuzL0kTWoYuzu3JFyEnyMwDMRisl3CDpU7/Bp5VJ76BsRsA==",
      "dependencies": {
        "@ckeditor/ckeditor5-engine": "^32.0.0",
        "@ckeditor/ckeditor5-ui": "^32.0.0",
        "@ckeditor/ckeditor5-utils": "^32.0.0",
        "lodash-es": "^4.17.15"
      },
      "engines": {
        "node": ">=14.0.0",
        "npm": ">=5.7.1"
      }
    },
    "node_modules/@ckeditor/ckeditor5-easy-image": {
      "version": "32.0.0",
      "resolved": "https://registry.npmjs.org/@ckeditor/ckeditor5-easy-image/-/ckeditor5-easy-image-32.0.0.tgz",
      "integrity": "sha512-PLt4xRGs9eTl0zaDHqBiw1m5EngOFDFMdsCb3au7XBDDZ7Q7UhXIbGvA6waAUHniJaZLCVppU7J+knTlmsZfRQ==",
      "dependencies": {
        "ckeditor5": "^32.0.0"
      },
      "engines": {
        "node": ">=14.0.0",
        "npm": ">=5.7.1"
      }
    },
    "node_modules/@ckeditor/ckeditor5-editor-classic": {
      "version": "32.0.0",
      "resolved": "https://registry.npmjs.org/@ckeditor/ckeditor5-editor-classic/-/ckeditor5-editor-classic-32.0.0.tgz",
      "integrity": "sha512-6idKBOId/sOnZ1gY5b5z34/RGSj5YsH+BgaNad04AtjKr4IVTJPrPZUhF83761nccFC9kRZTrXb9TcEWHsSHAg==",
      "dependencies": {
        "ckeditor5": "^32.0.0",
        "lodash-es": "^4.17.15"
      },
      "engines": {
        "node": ">=14.0.0",
        "npm": ">=5.7.1"
      }
    },
    "node_modules/@ckeditor/ckeditor5-engine": {
      "version": "32.0.0",
      "resolved": "https://registry.npmjs.org/@ckeditor/ckeditor5-engine/-/ckeditor5-engine-32.0.0.tgz",
      "integrity": "sha512-UuAEnGBdib0hVhCIJByLQ8tKDjdOJkJF/aKsAQth9an95Z7TJ8oqUqhwhUQWtsULu0ugaqb/95t7FUFA+3BJqw==",
      "dependencies": {
        "@ckeditor/ckeditor5-utils": "^32.0.0",
        "lodash-es": "^4.17.15"
      },
      "engines": {
        "node": ">=14.0.0",
        "npm": ">=5.7.1"
      }
    },
    "node_modules/@ckeditor/ckeditor5-enter": {
      "version": "32.0.0",
      "resolved": "https://registry.npmjs.org/@ckeditor/ckeditor5-enter/-/ckeditor5-enter-32.0.0.tgz",
      "integrity": "sha512-1V0M9wyTWZmLJ07eqb7ZICEQTDzi2NwsKaTpAavOlMG04+L4q5Ha9H0EXxgZtKjN4iq0cQEv6sog06xDkRrTDw==",
      "dependencies": {
        "@ckeditor/ckeditor5-core": "^32.0.0",
        "@ckeditor/ckeditor5-engine": "^32.0.0",
        "@ckeditor/ckeditor5-utils": "^32.0.0"
      },
      "engines": {
        "node": ">=14.0.0",
        "npm": ">=5.7.1"
      }
    },
    "node_modules/@ckeditor/ckeditor5-essentials": {
      "version": "32.0.0",
      "resolved": "https://registry.npmjs.org/@ckeditor/ckeditor5-essentials/-/ckeditor5-essentials-32.0.0.tgz",
      "integrity": "sha512-haHmUIdvz0ykMBM4YOyNFBbh6Ymku19yoPyX8xMIzMVbniI+DtB1k0fGZu7OqUNjjf5jPZJlz5sW+KHzzySVXg==",
      "dependencies": {
        "ckeditor5": "^32.0.0"
      },
      "engines": {
        "node": ">=14.0.0",
        "npm": ">=5.7.1"
      }
    },
    "node_modules/@ckeditor/ckeditor5-heading": {
      "version": "32.0.0",
      "resolved": "https://registry.npmjs.org/@ckeditor/ckeditor5-heading/-/ckeditor5-heading-32.0.0.tgz",
      "integrity": "sha512-XxB1yDP3aU1ePYAUE2XiQ/yjHkSdrRllVsihBtDKh5DTcoKxZHafmVEZXBiJaLrv5OPNmfvXyR+eC6yet35sMA==",
      "dependencies": {
        "ckeditor5": "^32.0.0"
      },
      "engines": {
        "node": ">=14.0.0",
        "npm": ">=5.7.1"
      }
    },
    "node_modules/@ckeditor/ckeditor5-image": {
      "version": "32.0.0",
      "resolved": "https://registry.npmjs.org/@ckeditor/ckeditor5-image/-/ckeditor5-image-32.0.0.tgz",
      "integrity": "sha512-sBdFbWH5YdmnvEIQsEY4Xj4kkHcSmLgFDjgtAQdjqdQi3GZI81kMYIepPNELtUtpEqNd0WyS3ReWYHMlbjOpfw==",
      "dependencies": {
        "@ckeditor/ckeditor5-ui": "^32.0.0",
        "ckeditor5": "^32.0.0",
        "lodash-es": "^4.17.15"
      },
      "engines": {
        "node": ">=14.0.0",
        "npm": ">=5.7.1"
      }
    },
    "node_modules/@ckeditor/ckeditor5-indent": {
      "version": "32.0.0",
      "resolved": "https://registry.npmjs.org/@ckeditor/ckeditor5-indent/-/ckeditor5-indent-32.0.0.tgz",
      "integrity": "sha512-I1zHBv1kRCRUyOevKzSpVyd/Df1IdmYeKsVYmEKvDCUQMp126DEdOjlxCbSkq66gFJ1VLUlV+lev5BXg0w2NRA==",
      "dependencies": {
        "ckeditor5": "^32.0.0"
      },
      "engines": {
        "node": ">=14.0.0",
        "npm": ">=5.7.1"
      }
    },
    "node_modules/@ckeditor/ckeditor5-link": {
      "version": "32.0.0",
      "resolved": "https://registry.npmjs.org/@ckeditor/ckeditor5-link/-/ckeditor5-link-32.0.0.tgz",
      "integrity": "sha512-xJHLp+SZn/fzcDHFU80IOEkZ6aBWSAMgJyp2pDMFOJMz2eWTKwNNh6XJW18f4ELHVWaCMVNgdp/DuSZxxUGxfg==",
      "dependencies": {
        "@ckeditor/ckeditor5-ui": "^32.0.0",
        "ckeditor5": "^32.0.0",
        "lodash-es": "^4.17.15"
      },
      "engines": {
        "node": ">=14.0.0",
        "npm": ">=5.7.1"
      }
    },
    "node_modules/@ckeditor/ckeditor5-list": {
      "version": "32.0.0",
      "resolved": "https://registry.npmjs.org/@ckeditor/ckeditor5-list/-/ckeditor5-list-32.0.0.tgz",
      "integrity": "sha512-xjIfi142oso1H5m89BKB7uaOsWzMUb14BGzO9poTvSQjIpavBRYPTrin2qb0euuEY2XvUjVJF7GqPJ4zJdPDzA==",
      "dependencies": {
        "@ckeditor/ckeditor5-ui": "^32.0.0",
        "ckeditor5": "^32.0.0"
      },
      "engines": {
        "node": ">=14.0.0",
        "npm": ">=5.7.1"
      }
    },
    "node_modules/@ckeditor/ckeditor5-media-embed": {
      "version": "32.0.0",
      "resolved": "https://registry.npmjs.org/@ckeditor/ckeditor5-media-embed/-/ckeditor5-media-embed-32.0.0.tgz",
      "integrity": "sha512-GoCaEqAW0Pu2mPOBKzNxdpqD2beM5KmxhaIANOR8xR404cYSMgXM6g5bL6eQPRRwtzqw60/qTj2k9QGIqg30xw==",
      "dependencies": {
        "@ckeditor/ckeditor5-ui": "^32.0.0",
        "ckeditor5": "^32.0.0"
      },
      "engines": {
        "node": ">=14.0.0",
        "npm": ">=5.7.1"
      }
    },
    "node_modules/@ckeditor/ckeditor5-paragraph": {
      "version": "32.0.0",
      "resolved": "https://registry.npmjs.org/@ckeditor/ckeditor5-paragraph/-/ckeditor5-paragraph-32.0.0.tgz",
      "integrity": "sha512-GRpMOb0pjZHvUtyTrX9jlH7gQ5n1/33ljX3Ty31Lyovz4KPfR3YNzyjNAVHb/fOk72zoPFUrhpd/NLum836DNA==",
      "dependencies": {
        "@ckeditor/ckeditor5-core": "^32.0.0",
        "@ckeditor/ckeditor5-ui": "^32.0.0",
        "@ckeditor/ckeditor5-utils": "^32.0.0"
      },
      "engines": {
        "node": ">=14.0.0",
        "npm": ">=5.7.1"
      }
    },
    "node_modules/@ckeditor/ckeditor5-paste-from-office": {
      "version": "32.0.0",
      "resolved": "https://registry.npmjs.org/@ckeditor/ckeditor5-paste-from-office/-/ckeditor5-paste-from-office-32.0.0.tgz",
      "integrity": "sha512-dX/vfBwp0e7938Y1j0lEyqfClsEInnQHG/MD4gz9AVcCixVxl12F2uL52WMm/nSVrVax5zcUSOz1QV9/0UG/mg==",
      "dependencies": {
        "ckeditor5": "^32.0.0"
      },
      "engines": {
        "node": ">=14.0.0",
        "npm": ">=5.7.1"
      }
    },
    "node_modules/@ckeditor/ckeditor5-select-all": {
      "version": "32.0.0",
      "resolved": "https://registry.npmjs.org/@ckeditor/ckeditor5-select-all/-/ckeditor5-select-all-32.0.0.tgz",
      "integrity": "sha512-HmkR1hivslj9N+x3KAf0hghIpTafxmGqV2nit8iE0WE4YCcBw0cubJHbDsdiFmniIQXrbsBgI7RUnXs4nXdaCg==",
      "dependencies": {
        "@ckeditor/ckeditor5-core": "^32.0.0",
        "@ckeditor/ckeditor5-ui": "^32.0.0",
        "@ckeditor/ckeditor5-utils": "^32.0.0"
      },
      "engines": {
        "node": ">=14.0.0",
        "npm": ">=5.7.1"
      }
    },
    "node_modules/@ckeditor/ckeditor5-table": {
      "version": "32.0.0",
      "resolved": "https://registry.npmjs.org/@ckeditor/ckeditor5-table/-/ckeditor5-table-32.0.0.tgz",
      "integrity": "sha512-pWNeDCKMcNp/XpRU/hqu1K7rmzrDB++WIPzG5KDwkQQ83iwlbTqrfa7xsLLVX6bz6g2/fy2B3Ipt5BIndhlhjQ==",
      "dependencies": {
        "ckeditor5": "^32.0.0",
        "lodash-es": "^4.17.15"
      },
      "engines": {
        "node": ">=14.0.0",
        "npm": ">=5.7.1"
      }
    },
    "node_modules/@ckeditor/ckeditor5-typing": {
      "version": "32.0.0",
      "resolved": "https://registry.npmjs.org/@ckeditor/ckeditor5-typing/-/ckeditor5-typing-32.0.0.tgz",
      "integrity": "sha512-MkbFfgvwMgU4P5/2LZa473w2XA4DQmb7N+3VzqMQfn2y7YdsRk8tt54GxilwL0bTE/AiSqcR6f+LcnHFGj/coQ==",
      "dependencies": {
        "@ckeditor/ckeditor5-core": "^32.0.0",
        "@ckeditor/ckeditor5-engine": "^32.0.0",
        "@ckeditor/ckeditor5-utils": "^32.0.0",
        "lodash-es": "^4.17.15"
      },
      "engines": {
        "node": ">=14.0.0",
        "npm": ">=5.7.1"
      }
    },
    "node_modules/@ckeditor/ckeditor5-ui": {
      "version": "32.0.0",
      "resolved": "https://registry.npmjs.org/@ckeditor/ckeditor5-ui/-/ckeditor5-ui-32.0.0.tgz",
      "integrity": "sha512-tkn5Y0ZYkhby8iFnAAZMLyh9zub/okOhzR2IJvS6T95J/w1z2HpJO/yNkdSrU43qXQtmp77o0UQ53PU4PvIp0Q==",
      "dependencies": {
        "@ckeditor/ckeditor5-core": "^32.0.0",
        "@ckeditor/ckeditor5-utils": "^32.0.0",
        "lodash-es": "^4.17.15"
      },
      "engines": {
        "node": ">=14.0.0",
        "npm": ">=5.7.1"
      }
    },
    "node_modules/@ckeditor/ckeditor5-undo": {
      "version": "32.0.0",
      "resolved": "https://registry.npmjs.org/@ckeditor/ckeditor5-undo/-/ckeditor5-undo-32.0.0.tgz",
      "integrity": "sha512-4diY4FcmX3Wbi0Gr0U1HsswwJ3HIjdRJV9x4zEm7rXz1PbH+IIQKPIJQSoyd1dSkE2F4DslUhfIGsZH5vzmQ8w==",
      "dependencies": {
        "@ckeditor/ckeditor5-core": "^32.0.0",
        "@ckeditor/ckeditor5-engine": "^32.0.0",
        "@ckeditor/ckeditor5-ui": "^32.0.0"
      },
      "engines": {
        "node": ">=14.0.0",
        "npm": ">=5.7.1"
      }
    },
    "node_modules/@ckeditor/ckeditor5-upload": {
      "version": "32.0.0",
      "resolved": "https://registry.npmjs.org/@ckeditor/ckeditor5-upload/-/ckeditor5-upload-32.0.0.tgz",
      "integrity": "sha512-MSzZqB65zzrvwUOjzdUvuNp7syY5ZGZG3qdQeJBQNAS9G14f5WdzH4tKGK2j4dDX3KGhoCA1RJagpCmwDXqRWw==",
      "dependencies": {
        "@ckeditor/ckeditor5-core": "^32.0.0",
        "@ckeditor/ckeditor5-ui": "^32.0.0",
        "@ckeditor/ckeditor5-utils": "^32.0.0"
      },
      "engines": {
        "node": ">=14.0.0",
        "npm": ">=5.7.1"
      }
    },
    "node_modules/@ckeditor/ckeditor5-utils": {
      "version": "32.0.0",
      "resolved": "https://registry.npmjs.org/@ckeditor/ckeditor5-utils/-/ckeditor5-utils-32.0.0.tgz",
      "integrity": "sha512-4O0TW/oeFRGbB+mrXMhx47zEzASdDz87ftiJiI9jcB+S6Pq5+aSqCNc0ZVQBKaj2URNGqFkkT6Kp6eEEsMBVWA==",
      "dependencies": {
        "lodash-es": "^4.17.15"
      },
      "engines": {
        "node": ">=14.0.0",
        "npm": ">=5.7.1"
      }
    },
    "node_modules/@ckeditor/ckeditor5-widget": {
      "version": "32.0.0",
      "resolved": "https://registry.npmjs.org/@ckeditor/ckeditor5-widget/-/ckeditor5-widget-32.0.0.tgz",
      "integrity": "sha512-YcF5iVtMwYC8/3sxv00Du/9bvdhx6br0gJdxfjkiNP1/7GY+WSwjhZSNJZhT30xp+iLHt4tGIUUQqFHIk3Ui6Q==",
      "dependencies": {
        "@ckeditor/ckeditor5-core": "^32.0.0",
        "@ckeditor/ckeditor5-engine": "^32.0.0",
        "@ckeditor/ckeditor5-enter": "^32.0.0",
        "@ckeditor/ckeditor5-typing": "^32.0.0",
        "@ckeditor/ckeditor5-ui": "^32.0.0",
        "@ckeditor/ckeditor5-utils": "^32.0.0",
        "lodash-es": "^4.17.15"
      },
      "engines": {
        "node": ">=14.0.0",
        "npm": ">=5.7.1"
      }
    },
    "node_modules/balanced-match": {
      "version": "1.0.2",
      "resolved": "https://registry.npmjs.org/balanced-match/-/balanced-match-1.0.2.tgz",
      "integrity": "sha512-3oSeUO0TMV67hN1AmbXsK4yaqU7tjiHlbxRDZOpH0KW9+CeX4bRAaX0Anxt0tx2MrpRpWwQaPwIlISEJhYU5Pw=="
    },
    "node_modules/brace-expansion": {
      "version": "1.1.11",
      "resolved": "https://registry.npmjs.org/brace-expansion/-/brace-expansion-1.1.11.tgz",
      "integrity": "sha512-iCuPHDFgrHX7H2vEI/5xpz07zSHB00TpugqhmYtVmMO6518mCuRMoOYFldEBl0g187ufozdaHgWKcYFb61qGiA==",
      "dependencies": {
        "balanced-match": "^1.0.0",
        "concat-map": "0.0.1"
      }
    },
    "node_modules/ckeditor5": {
      "version": "32.0.0",
      "resolved": "https://registry.npmjs.org/ckeditor5/-/ckeditor5-32.0.0.tgz",
      "integrity": "sha512-PehBSDwclMcZcVIRFZRUv6BSEdQCK+9kUbnWdcAOtM9LJL8aWCwCTg6VZTq6+aDEzoz6BfkjO1eF3ZtQVJT97w==",
      "dependencies": {
        "@ckeditor/ckeditor5-clipboard": "^32.0.0",
        "@ckeditor/ckeditor5-core": "^32.0.0",
        "@ckeditor/ckeditor5-engine": "^32.0.0",
        "@ckeditor/ckeditor5-enter": "^32.0.0",
        "@ckeditor/ckeditor5-paragraph": "^32.0.0",
        "@ckeditor/ckeditor5-select-all": "^32.0.0",
        "@ckeditor/ckeditor5-typing": "^32.0.0",
        "@ckeditor/ckeditor5-ui": "^32.0.0",
        "@ckeditor/ckeditor5-undo": "^32.0.0",
        "@ckeditor/ckeditor5-upload": "^32.0.0",
        "@ckeditor/ckeditor5-utils": "^32.0.0",
        "@ckeditor/ckeditor5-widget": "^32.0.0"
      },
      "engines": {
        "node": ">=14.0.0",
        "npm": ">=5.7.1"
      }
    },
    "node_modules/concat-map": {
      "version": "0.0.1",
      "resolved": "https://registry.npmjs.org/concat-map/-/concat-map-0.0.1.tgz",
      "integrity": "sha1-2Klr13/Wjfd5OnMDajug1UBdR3s="
    },
    "node_modules/fs.realpath": {
      "version": "1.0.0",
      "resolved": "https://registry.npmjs.org/fs.realpath/-/fs.realpath-1.0.0.tgz",
      "integrity": "sha1-FQStJSMVjKpA20onh8sBQRmU6k8="
    },
    "node_modules/function-bind": {
      "version": "1.1.1",
      "resolved": "https://registry.npmjs.org/function-bind/-/function-bind-1.1.1.tgz",
      "integrity": "sha512-yIovAzMX49sF8Yl58fSCWJ5svSLuaibPxXQJFLmBObTuCr0Mf1KiPopGM9NiFjiYBCbfaa2Fh6breQ6ANVTI0A=="
    },
    "node_modules/glob": {
      "version": "7.2.0",
      "resolved": "https://registry.npmjs.org/glob/-/glob-7.2.0.tgz",
      "integrity": "sha512-lmLf6gtyrPq8tTjSmrO94wBeQbFR3HbLHbuyD69wuyQkImp2hWqMGB47OX65FBkPffO641IP9jWa1z4ivqG26Q==",
      "dependencies": {
        "fs.realpath": "^1.0.0",
        "inflight": "^1.0.4",
        "inherits": "2",
        "minimatch": "^3.0.4",
        "once": "^1.3.0",
        "path-is-absolute": "^1.0.0"
      },
      "engines": {
        "node": "*"
      },
      "funding": {
        "url": "https://github.com/sponsors/isaacs"
      }
    },
    "node_modules/has": {
      "version": "1.0.3",
      "resolved": "https://registry.npmjs.org/has/-/has-1.0.3.tgz",
      "integrity": "sha512-f2dvO0VU6Oej7RkWJGrehjbzMAjFp5/VKPp5tTpWIV4JHHZK1/BxbFRtf/siA2SWTe09caDmVtYYzWEIbBS4zw==",
      "dependencies": {
        "function-bind": "^1.1.1"
      },
      "engines": {
        "node": ">= 0.4.0"
      }
    },
    "node_modules/inflight": {
      "version": "1.0.6",
      "resolved": "https://registry.npmjs.org/inflight/-/inflight-1.0.6.tgz",
      "integrity": "sha1-Sb1jMdfQLQwJvJEKEHW6gWW1bfk=",
      "dependencies": {
        "once": "^1.3.0",
        "wrappy": "1"
      }
    },
    "node_modules/inherits": {
      "version": "2.0.4",
      "resolved": "https://registry.npmjs.org/inherits/-/inherits-2.0.4.tgz",
      "integrity": "sha512-k/vGaX4/Yla3WzyMCvTQOXYeIHvqOKtnqBduzTHpzpQZzAskKMhZ2K+EnBiSM9zGSoIFeMpXKxa4dYeZIQqewQ=="
    },
    "node_modules/interpret": {
      "version": "1.4.0",
      "resolved": "https://registry.npmjs.org/interpret/-/interpret-1.4.0.tgz",
      "integrity": "sha512-agE4QfB2Lkp9uICn7BAqoscw4SZP9kTE2hxiFI3jBPmXJfdqiahTbUuKGsMoN2GtqL9AxhYioAcVvgsb1HvRbA==",
      "engines": {
        "node": ">= 0.10"
      }
    },
    "node_modules/is-core-module": {
      "version": "2.8.1",
      "resolved": "https://registry.npmjs.org/is-core-module/-/is-core-module-2.8.1.tgz",
      "integrity": "sha512-SdNCUs284hr40hFTFP6l0IfZ/RSrMXF3qgoRHd3/79unUTvrFO/JoXwkGm+5J/Oe3E/b5GsnG330uUNgRpu1PA==",
      "dependencies": {
        "has": "^1.0.3"
      },
      "funding": {
        "url": "https://github.com/sponsors/ljharb"
      }
    },
    "node_modules/json-format": {
      "version": "1.0.1",
      "resolved": "https://registry.npmjs.org/json-format/-/json-format-1.0.1.tgz",
      "integrity": "sha1-FD9n5irxKda//tKIpGJl6iPQ3ww="
    },
    "node_modules/lodash-es": {
      "version": "4.17.21",
      "resolved": "https://registry.npmjs.org/lodash-es/-/lodash-es-4.17.21.tgz",
      "integrity": "sha512-mKnC+QJ9pWVzv+C4/U3rRsHapFfHvQFoFB92e52xeyGMcX6/OlIl78je1u8vePzYZSkkogMPJ2yjxxsb89cxyw=="
    },
    "node_modules/minimatch": {
      "version": "3.1.2",
      "resolved": "https://registry.npmjs.org/minimatch/-/minimatch-3.1.2.tgz",
      "integrity": "sha512-J7p63hRiAjw1NDEww1W7i37+ByIrOWO5XQQAzZ3VOcL0PNybwpfmV/N05zFAzwQ9USyEcX6t3UO+K5aqBQOIHw==",
      "dependencies": {
        "brace-expansion": "^1.1.7"
      },
      "engines": {
        "node": "*"
      }
    },
    "node_modules/moment": {
      "version": "2.29.1",
      "resolved": "https://registry.npmjs.org/moment/-/moment-2.29.1.tgz",
      "integrity": "sha512-kHmoybcPV8Sqy59DwNDY3Jefr64lK/by/da0ViFcuA4DH0vQg5Q6Ze5VimxkfQNSC+Mls/Kx53s7TjP1RhFEDQ==",
      "engines": {
        "node": "*"
      }
    },
    "node_modules/moment-timezone": {
      "version": "0.5.34",
      "resolved": "https://registry.npmjs.org/moment-timezone/-/moment-timezone-0.5.34.tgz",
      "integrity": "sha512-3zAEHh2hKUs3EXLESx/wsgw6IQdusOT8Bxm3D9UrHPQR7zlMmzwybC8zHEM1tQ4LJwP7fcxrWr8tuBg05fFCbg==",
      "dependencies": {
        "moment": ">= 2.9.0"
      },
      "engines": {
        "node": "*"
      }
    },
    "node_modules/node-cron": {
      "version": "3.0.0",
      "resolved": "https://registry.npmjs.org/node-cron/-/node-cron-3.0.0.tgz",
      "integrity": "sha512-DDwIvvuCwrNiaU7HEivFDULcaQualDv7KoNlB/UU1wPW0n1tDEmBJKhEIE6DlF2FuoOHcNbLJ8ITL2Iv/3AWmA==",
      "dependencies": {
        "moment-timezone": "^0.5.31"
      },
      "engines": {
        "node": ">=6.0.0"
      }
    },
    "node_modules/once": {
      "version": "1.4.0",
      "resolved": "https://registry.npmjs.org/once/-/once-1.4.0.tgz",
      "integrity": "sha1-WDsap3WWHUsROsF9nFC6753Xa9E=",
      "dependencies": {
        "wrappy": "1"
      }
    },
    "node_modules/path-is-absolute": {
      "version": "1.0.1",
      "resolved": "https://registry.npmjs.org/path-is-absolute/-/path-is-absolute-1.0.1.tgz",
      "integrity": "sha1-F0uSaHNVNP+8es5r9TpanhtcX18=",
      "engines": {
        "node": ">=0.10.0"
      }
    },
    "node_modules/path-parse": {
      "version": "1.0.7",
      "resolved": "https://registry.npmjs.org/path-parse/-/path-parse-1.0.7.tgz",
      "integrity": "sha512-LDJzPVEEEPR+y48z93A0Ed0yXb8pAByGWo/k5YYdYgpY2/2EsOsksJrq7lOHxryrVOn1ejG6oAp8ahvOIQD8sw=="
    },
    "node_modules/rechoir": {
      "version": "0.6.2",
      "resolved": "https://registry.npmjs.org/rechoir/-/rechoir-0.6.2.tgz",
      "integrity": "sha1-hSBLVNuoLVdC4oyWdW70OvUOM4Q=",
      "dependencies": {
        "resolve": "^1.1.6"
      },
      "engines": {
        "node": ">= 0.10"
      }
    },
    "node_modules/resolve": {
      "version": "1.22.0",
      "resolved": "https://registry.npmjs.org/resolve/-/resolve-1.22.0.tgz",
      "integrity": "sha512-Hhtrw0nLeSrFQ7phPp4OOcVjLPIeMnRlr5mcnVuMe7M/7eBn98A3hmFRLoFo3DLZkivSYwhRUJTyPyWAk56WLw==",
      "dependencies": {
        "is-core-module": "^2.8.1",
        "path-parse": "^1.0.7",
        "supports-preserve-symlinks-flag": "^1.0.0"
      },
      "bin": {
        "resolve": "bin/resolve"
      },
      "funding": {
        "url": "https://github.com/sponsors/ljharb"
      }
    },
    "node_modules/shelljs": {
      "version": "0.8.5",
      "resolved": "https://registry.npmjs.org/shelljs/-/shelljs-0.8.5.tgz",
      "integrity": "sha512-TiwcRcrkhHvbrZbnRcFYMLl30Dfov3HKqzp5tO5b4pt6G/SezKcYhmDg15zXVBswHmctSAQKznqNW2LO5tTDow==",
      "dependencies": {
        "glob": "^7.0.0",
        "interpret": "^1.0.0",
        "rechoir": "^0.6.2"
      },
      "bin": {
        "shjs": "bin/shjs"
      },
      "engines": {
        "node": ">=4"
      }
    },
    "node_modules/supports-preserve-symlinks-flag": {
      "version": "1.0.0",
      "resolved": "https://registry.npmjs.org/supports-preserve-symlinks-flag/-/supports-preserve-symlinks-flag-1.0.0.tgz",
      "integrity": "sha512-ot0WnXS9fgdkgIcePe6RHNk1WA8+muPa6cSjeR3V8K27q9BB1rTE3R1p7Hv0z1ZyAc8s6Vvv8DIyWf681MAt0w==",
      "engines": {
        "node": ">= 0.4"
      },
      "funding": {
        "url": "https://github.com/sponsors/ljharb"
      }
    },
    "node_modules/wrappy": {
      "version": "1.0.2",
      "resolved": "https://registry.npmjs.org/wrappy/-/wrappy-1.0.2.tgz",
      "integrity": "sha1-tSQ9jz7BqjXxNkYFvA0QNuMKtp8="
    }
  },
  "dependencies": {
    "@ckeditor/ckeditor5-adapter-ckfinder": {
      "version": "32.0.0",
      "resolved": "https://registry.npmjs.org/@ckeditor/ckeditor5-adapter-ckfinder/-/ckeditor5-adapter-ckfinder-32.0.0.tgz",
      "integrity": "sha512-DCK4CPW4M4pEJW/zC6yo8zGGGDXfjsEQRGkTiF4QjHODh3QYBc6O0Oy4mzCuEIobkyMfcUAqEh3UQQVgEM8B+Q==",
      "requires": {
        "ckeditor5": "^32.0.0"
      }
    },
    "@ckeditor/ckeditor5-autoformat": {
      "version": "32.0.0",
      "resolved": "https://registry.npmjs.org/@ckeditor/ckeditor5-autoformat/-/ckeditor5-autoformat-32.0.0.tgz",
      "integrity": "sha512-9zg1Rm/ak+zflH+p3zUjxZgK0iPAhDA+/vElBXQSVANATYqNxa4gszM/PDIl71tMpy6Yc+De9/eTFiazxsR9zA==",
      "requires": {
        "ckeditor5": "^32.0.0"
      }
    },
    "@ckeditor/ckeditor5-basic-styles": {
      "version": "32.0.0",
      "resolved": "https://registry.npmjs.org/@ckeditor/ckeditor5-basic-styles/-/ckeditor5-basic-styles-32.0.0.tgz",
      "integrity": "sha512-Y3YzhHkCIbh1XqMGJKMOWnKtoLY7AbwquBI4rC1i2bGbO5iAlwfyiLeikstMM8ft2PbWFsXDeVPa3kRnBBQwDQ==",
      "requires": {
        "ckeditor5": "^32.0.0"
      }
    },
    "@ckeditor/ckeditor5-block-quote": {
      "version": "32.0.0",
      "resolved": "https://registry.npmjs.org/@ckeditor/ckeditor5-block-quote/-/ckeditor5-block-quote-32.0.0.tgz",
      "integrity": "sha512-A+htu5dwy5+lcbdwwFIBntcqVdD87ELyDIfOsrW4KUNOFpE1nnlFE2TPlYl5+kKWkhFcYPU/dVl9Ebnj/bb0ng==",
      "requires": {
        "ckeditor5": "^32.0.0"
      }
    },
    "@ckeditor/ckeditor5-build-classic": {
      "version": "32.0.0",
      "resolved": "https://registry.npmjs.org/@ckeditor/ckeditor5-build-classic/-/ckeditor5-build-classic-32.0.0.tgz",
      "integrity": "sha512-BUYJAuV6PRdswv7f98zMg787TxYMZGRLKYJN8jxSqNtEpPo62LYyvwCXRneWAdM6en5y6oVGxdPrjvqHRRxX5w==",
      "requires": {
        "@ckeditor/ckeditor5-adapter-ckfinder": "^32.0.0",
        "@ckeditor/ckeditor5-autoformat": "^32.0.0",
        "@ckeditor/ckeditor5-basic-styles": "^32.0.0",
        "@ckeditor/ckeditor5-block-quote": "^32.0.0",
        "@ckeditor/ckeditor5-ckfinder": "^32.0.0",
        "@ckeditor/ckeditor5-cloud-services": "^32.0.0",
        "@ckeditor/ckeditor5-easy-image": "^32.0.0",
        "@ckeditor/ckeditor5-editor-classic": "^32.0.0",
        "@ckeditor/ckeditor5-essentials": "^32.0.0",
        "@ckeditor/ckeditor5-heading": "^32.0.0",
        "@ckeditor/ckeditor5-image": "^32.0.0",
        "@ckeditor/ckeditor5-indent": "^32.0.0",
        "@ckeditor/ckeditor5-link": "^32.0.0",
        "@ckeditor/ckeditor5-list": "^32.0.0",
        "@ckeditor/ckeditor5-media-embed": "^32.0.0",
        "@ckeditor/ckeditor5-paragraph": "^32.0.0",
        "@ckeditor/ckeditor5-paste-from-office": "^32.0.0",
        "@ckeditor/ckeditor5-table": "^32.0.0",
        "@ckeditor/ckeditor5-typing": "^32.0.0"
      }
    },
    "@ckeditor/ckeditor5-ckfinder": {
      "version": "32.0.0",
      "resolved": "https://registry.npmjs.org/@ckeditor/ckeditor5-ckfinder/-/ckeditor5-ckfinder-32.0.0.tgz",
      "integrity": "sha512-1XOr+S26Gt2CNZxnIzxURwCpZXGnNW56ZTPqHa2NHLgemm+KYs3+iR8/AQj9HCW5za+ZFmj0I5Ztqq9Pssya1w==",
      "requires": {
        "ckeditor5": "^32.0.0"
      }
    },
    "@ckeditor/ckeditor5-clipboard": {
      "version": "32.0.0",
      "resolved": "https://registry.npmjs.org/@ckeditor/ckeditor5-clipboard/-/ckeditor5-clipboard-32.0.0.tgz",
      "integrity": "sha512-Irk+XMCaG6lEBHh4ffPVfP66CEfOIGokADM0w7Z11xrPGqz1UCWrdu2CGoEaEDWw3+7c5/IjDh9jmZ5xG8TZmQ==",
      "requires": {
        "@ckeditor/ckeditor5-core": "^32.0.0",
        "@ckeditor/ckeditor5-engine": "^32.0.0",
        "@ckeditor/ckeditor5-utils": "^32.0.0",
        "@ckeditor/ckeditor5-widget": "^32.0.0",
        "lodash-es": "^4.17.11"
      }
    },
    "@ckeditor/ckeditor5-cloud-services": {
      "version": "32.0.0",
      "resolved": "https://registry.npmjs.org/@ckeditor/ckeditor5-cloud-services/-/ckeditor5-cloud-services-32.0.0.tgz",
      "integrity": "sha512-hpbZP4Ue9glkK35+6/Tv+Zw6S/gWA7qNhuUWFEQ22kClKpiEH+2SOnQrTWBRrHVMLRm3GXIfq9sIvv3Ndi0a2w==",
      "requires": {
        "ckeditor5": "^32.0.0"
      }
    },
    "@ckeditor/ckeditor5-core": {
      "version": "32.0.0",
      "resolved": "https://registry.npmjs.org/@ckeditor/ckeditor5-core/-/ckeditor5-core-32.0.0.tgz",
      "integrity": "sha512-Vf13S2EQ/R7ULFHt13Is6lOunq3tWROqNsE9oclSuzL0kTWoYuzu3JFyEnyMwDMRisl3CDpU7/Bp5VJ76BsRsA==",
      "requires": {
        "@ckeditor/ckeditor5-engine": "^32.0.0",
        "@ckeditor/ckeditor5-ui": "^32.0.0",
        "@ckeditor/ckeditor5-utils": "^32.0.0",
        "lodash-es": "^4.17.15"
      }
    },
    "@ckeditor/ckeditor5-easy-image": {
      "version": "32.0.0",
      "resolved": "https://registry.npmjs.org/@ckeditor/ckeditor5-easy-image/-/ckeditor5-easy-image-32.0.0.tgz",
      "integrity": "sha512-PLt4xRGs9eTl0zaDHqBiw1m5EngOFDFMdsCb3au7XBDDZ7Q7UhXIbGvA6waAUHniJaZLCVppU7J+knTlmsZfRQ==",
      "requires": {
        "ckeditor5": "^32.0.0"
      }
    },
    "@ckeditor/ckeditor5-editor-classic": {
      "version": "32.0.0",
      "resolved": "https://registry.npmjs.org/@ckeditor/ckeditor5-editor-classic/-/ckeditor5-editor-classic-32.0.0.tgz",
      "integrity": "sha512-6idKBOId/sOnZ1gY5b5z34/RGSj5YsH+BgaNad04AtjKr4IVTJPrPZUhF83761nccFC9kRZTrXb9TcEWHsSHAg==",
      "requires": {
        "ckeditor5": "^32.0.0",
        "lodash-es": "^4.17.15"
      }
    },
    "@ckeditor/ckeditor5-engine": {
      "version": "32.0.0",
      "resolved": "https://registry.npmjs.org/@ckeditor/ckeditor5-engine/-/ckeditor5-engine-32.0.0.tgz",
      "integrity": "sha512-UuAEnGBdib0hVhCIJByLQ8tKDjdOJkJF/aKsAQth9an95Z7TJ8oqUqhwhUQWtsULu0ugaqb/95t7FUFA+3BJqw==",
      "requires": {
        "@ckeditor/ckeditor5-utils": "^32.0.0",
        "lodash-es": "^4.17.15"
      }
    },
    "@ckeditor/ckeditor5-enter": {
      "version": "32.0.0",
      "resolved": "https://registry.npmjs.org/@ckeditor/ckeditor5-enter/-/ckeditor5-enter-32.0.0.tgz",
      "integrity": "sha512-1V0M9wyTWZmLJ07eqb7ZICEQTDzi2NwsKaTpAavOlMG04+L4q5Ha9H0EXxgZtKjN4iq0cQEv6sog06xDkRrTDw==",
      "requires": {
        "@ckeditor/ckeditor5-core": "^32.0.0",
        "@ckeditor/ckeditor5-engine": "^32.0.0",
        "@ckeditor/ckeditor5-utils": "^32.0.0"
      }
    },
    "@ckeditor/ckeditor5-essentials": {
      "version": "32.0.0",
      "resolved": "https://registry.npmjs.org/@ckeditor/ckeditor5-essentials/-/ckeditor5-essentials-32.0.0.tgz",
      "integrity": "sha512-haHmUIdvz0ykMBM4YOyNFBbh6Ymku19yoPyX8xMIzMVbniI+DtB1k0fGZu7OqUNjjf5jPZJlz5sW+KHzzySVXg==",
      "requires": {
        "ckeditor5": "^32.0.0"
      }
    },
    "@ckeditor/ckeditor5-heading": {
      "version": "32.0.0",
      "resolved": "https://registry.npmjs.org/@ckeditor/ckeditor5-heading/-/ckeditor5-heading-32.0.0.tgz",
      "integrity": "sha512-XxB1yDP3aU1ePYAUE2XiQ/yjHkSdrRllVsihBtDKh5DTcoKxZHafmVEZXBiJaLrv5OPNmfvXyR+eC6yet35sMA==",
      "requires": {
        "ckeditor5": "^32.0.0"
      }
    },
    "@ckeditor/ckeditor5-image": {
      "version": "32.0.0",
      "resolved": "https://registry.npmjs.org/@ckeditor/ckeditor5-image/-/ckeditor5-image-32.0.0.tgz",
      "integrity": "sha512-sBdFbWH5YdmnvEIQsEY4Xj4kkHcSmLgFDjgtAQdjqdQi3GZI81kMYIepPNELtUtpEqNd0WyS3ReWYHMlbjOpfw==",
      "requires": {
        "@ckeditor/ckeditor5-ui": "^32.0.0",
        "ckeditor5": "^32.0.0",
        "lodash-es": "^4.17.15"
      }
    },
    "@ckeditor/ckeditor5-indent": {
      "version": "32.0.0",
      "resolved": "https://registry.npmjs.org/@ckeditor/ckeditor5-indent/-/ckeditor5-indent-32.0.0.tgz",
      "integrity": "sha512-I1zHBv1kRCRUyOevKzSpVyd/Df1IdmYeKsVYmEKvDCUQMp126DEdOjlxCbSkq66gFJ1VLUlV+lev5BXg0w2NRA==",
      "requires": {
        "ckeditor5": "^32.0.0"
      }
    },
    "@ckeditor/ckeditor5-link": {
      "version": "32.0.0",
      "resolved": "https://registry.npmjs.org/@ckeditor/ckeditor5-link/-/ckeditor5-link-32.0.0.tgz",
      "integrity": "sha512-xJHLp+SZn/fzcDHFU80IOEkZ6aBWSAMgJyp2pDMFOJMz2eWTKwNNh6XJW18f4ELHVWaCMVNgdp/DuSZxxUGxfg==",
      "requires": {
        "@ckeditor/ckeditor5-ui": "^32.0.0",
        "ckeditor5": "^32.0.0",
        "lodash-es": "^4.17.15"
      }
    },
    "@ckeditor/ckeditor5-list": {
      "version": "32.0.0",
      "resolved": "https://registry.npmjs.org/@ckeditor/ckeditor5-list/-/ckeditor5-list-32.0.0.tgz",
      "integrity": "sha512-xjIfi142oso1H5m89BKB7uaOsWzMUb14BGzO9poTvSQjIpavBRYPTrin2qb0euuEY2XvUjVJF7GqPJ4zJdPDzA==",
      "requires": {
        "@ckeditor/ckeditor5-ui": "^32.0.0",
        "ckeditor5": "^32.0.0"
      }
    },
    "@ckeditor/ckeditor5-media-embed": {
      "version": "32.0.0",
      "resolved": "https://registry.npmjs.org/@ckeditor/ckeditor5-media-embed/-/ckeditor5-media-embed-32.0.0.tgz",
      "integrity": "sha512-GoCaEqAW0Pu2mPOBKzNxdpqD2beM5KmxhaIANOR8xR404cYSMgXM6g5bL6eQPRRwtzqw60/qTj2k9QGIqg30xw==",
      "requires": {
        "@ckeditor/ckeditor5-ui": "^32.0.0",
        "ckeditor5": "^32.0.0"
      }
    },
    "@ckeditor/ckeditor5-paragraph": {
      "version": "32.0.0",
      "resolved": "https://registry.npmjs.org/@ckeditor/ckeditor5-paragraph/-/ckeditor5-paragraph-32.0.0.tgz",
      "integrity": "sha512-GRpMOb0pjZHvUtyTrX9jlH7gQ5n1/33ljX3Ty31Lyovz4KPfR3YNzyjNAVHb/fOk72zoPFUrhpd/NLum836DNA==",
      "requires": {
        "@ckeditor/ckeditor5-core": "^32.0.0",
        "@ckeditor/ckeditor5-ui": "^32.0.0",
        "@ckeditor/ckeditor5-utils": "^32.0.0"
      }
    },
    "@ckeditor/ckeditor5-paste-from-office": {
      "version": "32.0.0",
      "resolved": "https://registry.npmjs.org/@ckeditor/ckeditor5-paste-from-office/-/ckeditor5-paste-from-office-32.0.0.tgz",
      "integrity": "sha512-dX/vfBwp0e7938Y1j0lEyqfClsEInnQHG/MD4gz9AVcCixVxl12F2uL52WMm/nSVrVax5zcUSOz1QV9/0UG/mg==",
      "requires": {
        "ckeditor5": "^32.0.0"
      }
    },
    "@ckeditor/ckeditor5-select-all": {
      "version": "32.0.0",
      "resolved": "https://registry.npmjs.org/@ckeditor/ckeditor5-select-all/-/ckeditor5-select-all-32.0.0.tgz",
      "integrity": "sha512-HmkR1hivslj9N+x3KAf0hghIpTafxmGqV2nit8iE0WE4YCcBw0cubJHbDsdiFmniIQXrbsBgI7RUnXs4nXdaCg==",
      "requires": {
        "@ckeditor/ckeditor5-core": "^32.0.0",
        "@ckeditor/ckeditor5-ui": "^32.0.0",
        "@ckeditor/ckeditor5-utils": "^32.0.0"
      }
    },
    "@ckeditor/ckeditor5-table": {
      "version": "32.0.0",
      "resolved": "https://registry.npmjs.org/@ckeditor/ckeditor5-table/-/ckeditor5-table-32.0.0.tgz",
      "integrity": "sha512-pWNeDCKMcNp/XpRU/hqu1K7rmzrDB++WIPzG5KDwkQQ83iwlbTqrfa7xsLLVX6bz6g2/fy2B3Ipt5BIndhlhjQ==",
      "requires": {
        "ckeditor5": "^32.0.0",
        "lodash-es": "^4.17.15"
      }
    },
    "@ckeditor/ckeditor5-typing": {
      "version": "32.0.0",
      "resolved": "https://registry.npmjs.org/@ckeditor/ckeditor5-typing/-/ckeditor5-typing-32.0.0.tgz",
      "integrity": "sha512-MkbFfgvwMgU4P5/2LZa473w2XA4DQmb7N+3VzqMQfn2y7YdsRk8tt54GxilwL0bTE/AiSqcR6f+LcnHFGj/coQ==",
      "requires": {
        "@ckeditor/ckeditor5-core": "^32.0.0",
        "@ckeditor/ckeditor5-engine": "^32.0.0",
        "@ckeditor/ckeditor5-utils": "^32.0.0",
        "lodash-es": "^4.17.15"
      }
    },
    "@ckeditor/ckeditor5-ui": {
      "version": "32.0.0",
      "resolved": "https://registry.npmjs.org/@ckeditor/ckeditor5-ui/-/ckeditor5-ui-32.0.0.tgz",
      "integrity": "sha512-tkn5Y0ZYkhby8iFnAAZMLyh9zub/okOhzR2IJvS6T95J/w1z2HpJO/yNkdSrU43qXQtmp77o0UQ53PU4PvIp0Q==",
      "requires": {
        "@ckeditor/ckeditor5-core": "^32.0.0",
        "@ckeditor/ckeditor5-utils": "^32.0.0",
        "lodash-es": "^4.17.15"
      }
    },
    "@ckeditor/ckeditor5-undo": {
      "version": "32.0.0",
      "resolved": "https://registry.npmjs.org/@ckeditor/ckeditor5-undo/-/ckeditor5-undo-32.0.0.tgz",
      "integrity": "sha512-4diY4FcmX3Wbi0Gr0U1HsswwJ3HIjdRJV9x4zEm7rXz1PbH+IIQKPIJQSoyd1dSkE2F4DslUhfIGsZH5vzmQ8w==",
      "requires": {
        "@ckeditor/ckeditor5-core": "^32.0.0",
        "@ckeditor/ckeditor5-engine": "^32.0.0",
        "@ckeditor/ckeditor5-ui": "^32.0.0"
      }
    },
    "@ckeditor/ckeditor5-upload": {
      "version": "32.0.0",
      "resolved": "https://registry.npmjs.org/@ckeditor/ckeditor5-upload/-/ckeditor5-upload-32.0.0.tgz",
      "integrity": "sha512-MSzZqB65zzrvwUOjzdUvuNp7syY5ZGZG3qdQeJBQNAS9G14f5WdzH4tKGK2j4dDX3KGhoCA1RJagpCmwDXqRWw==",
      "requires": {
        "@ckeditor/ckeditor5-core": "^32.0.0",
        "@ckeditor/ckeditor5-ui": "^32.0.0",
        "@ckeditor/ckeditor5-utils": "^32.0.0"
      }
    },
    "@ckeditor/ckeditor5-utils": {
      "version": "32.0.0",
      "resolved": "https://registry.npmjs.org/@ckeditor/ckeditor5-utils/-/ckeditor5-utils-32.0.0.tgz",
      "integrity": "sha512-4O0TW/oeFRGbB+mrXMhx47zEzASdDz87ftiJiI9jcB+S6Pq5+aSqCNc0ZVQBKaj2URNGqFkkT6Kp6eEEsMBVWA==",
      "requires": {
        "lodash-es": "^4.17.15"
      }
    },
    "@ckeditor/ckeditor5-widget": {
      "version": "32.0.0",
      "resolved": "https://registry.npmjs.org/@ckeditor/ckeditor5-widget/-/ckeditor5-widget-32.0.0.tgz",
      "integrity": "sha512-YcF5iVtMwYC8/3sxv00Du/9bvdhx6br0gJdxfjkiNP1/7GY+WSwjhZSNJZhT30xp+iLHt4tGIUUQqFHIk3Ui6Q==",
      "requires": {
        "@ckeditor/ckeditor5-core": "^32.0.0",
        "@ckeditor/ckeditor5-engine": "^32.0.0",
        "@ckeditor/ckeditor5-enter": "^32.0.0",
        "@ckeditor/ckeditor5-typing": "^32.0.0",
        "@ckeditor/ckeditor5-ui": "^32.0.0",
        "@ckeditor/ckeditor5-utils": "^32.0.0",
        "lodash-es": "^4.17.15"
      }
    },
    "balanced-match": {
      "version": "1.0.2",
      "resolved": "https://registry.npmjs.org/balanced-match/-/balanced-match-1.0.2.tgz",
      "integrity": "sha512-3oSeUO0TMV67hN1AmbXsK4yaqU7tjiHlbxRDZOpH0KW9+CeX4bRAaX0Anxt0tx2MrpRpWwQaPwIlISEJhYU5Pw=="
    },
    "brace-expansion": {
      "version": "1.1.11",
      "resolved": "https://registry.npmjs.org/brace-expansion/-/brace-expansion-1.1.11.tgz",
      "integrity": "sha512-iCuPHDFgrHX7H2vEI/5xpz07zSHB00TpugqhmYtVmMO6518mCuRMoOYFldEBl0g187ufozdaHgWKcYFb61qGiA==",
      "requires": {
        "balanced-match": "^1.0.0",
        "concat-map": "0.0.1"
      }
    },
    "ckeditor5": {
      "version": "32.0.0",
      "resolved": "https://registry.npmjs.org/ckeditor5/-/ckeditor5-32.0.0.tgz",
      "integrity": "sha512-PehBSDwclMcZcVIRFZRUv6BSEdQCK+9kUbnWdcAOtM9LJL8aWCwCTg6VZTq6+aDEzoz6BfkjO1eF3ZtQVJT97w==",
      "requires": {
        "@ckeditor/ckeditor5-clipboard": "^32.0.0",
        "@ckeditor/ckeditor5-core": "^32.0.0",
        "@ckeditor/ckeditor5-engine": "^32.0.0",
        "@ckeditor/ckeditor5-enter": "^32.0.0",
        "@ckeditor/ckeditor5-paragraph": "^32.0.0",
        "@ckeditor/ckeditor5-select-all": "^32.0.0",
        "@ckeditor/ckeditor5-typing": "^32.0.0",
        "@ckeditor/ckeditor5-ui": "^32.0.0",
        "@ckeditor/ckeditor5-undo": "^32.0.0",
        "@ckeditor/ckeditor5-upload": "^32.0.0",
        "@ckeditor/ckeditor5-utils": "^32.0.0",
        "@ckeditor/ckeditor5-widget": "^32.0.0"
      }
    },
    "concat-map": {
      "version": "0.0.1",
      "resolved": "https://registry.npmjs.org/concat-map/-/concat-map-0.0.1.tgz",
      "integrity": "sha1-2Klr13/Wjfd5OnMDajug1UBdR3s="
    },
    "fs.realpath": {
      "version": "1.0.0",
      "resolved": "https://registry.npmjs.org/fs.realpath/-/fs.realpath-1.0.0.tgz",
      "integrity": "sha1-FQStJSMVjKpA20onh8sBQRmU6k8="
    },
    "function-bind": {
      "version": "1.1.1",
      "resolved": "https://registry.npmjs.org/function-bind/-/function-bind-1.1.1.tgz",
      "integrity": "sha512-yIovAzMX49sF8Yl58fSCWJ5svSLuaibPxXQJFLmBObTuCr0Mf1KiPopGM9NiFjiYBCbfaa2Fh6breQ6ANVTI0A=="
    },
    "glob": {
      "version": "7.2.0",
      "resolved": "https://registry.npmjs.org/glob/-/glob-7.2.0.tgz",
      "integrity": "sha512-lmLf6gtyrPq8tTjSmrO94wBeQbFR3HbLHbuyD69wuyQkImp2hWqMGB47OX65FBkPffO641IP9jWa1z4ivqG26Q==",
      "requires": {
        "fs.realpath": "^1.0.0",
        "inflight": "^1.0.4",
        "inherits": "2",
        "minimatch": "^3.0.4",
        "once": "^1.3.0",
        "path-is-absolute": "^1.0.0"
      }
    },
    "has": {
      "version": "1.0.3",
      "resolved": "https://registry.npmjs.org/has/-/has-1.0.3.tgz",
      "integrity": "sha512-f2dvO0VU6Oej7RkWJGrehjbzMAjFp5/VKPp5tTpWIV4JHHZK1/BxbFRtf/siA2SWTe09caDmVtYYzWEIbBS4zw==",
      "requires": {
        "function-bind": "^1.1.1"
      }
    },
    "inflight": {
      "version": "1.0.6",
      "resolved": "https://registry.npmjs.org/inflight/-/inflight-1.0.6.tgz",
      "integrity": "sha1-Sb1jMdfQLQwJvJEKEHW6gWW1bfk=",
      "requires": {
        "once": "^1.3.0",
        "wrappy": "1"
      }
    },
    "inherits": {
      "version": "2.0.4",
      "resolved": "https://registry.npmjs.org/inherits/-/inherits-2.0.4.tgz",
      "integrity": "sha512-k/vGaX4/Yla3WzyMCvTQOXYeIHvqOKtnqBduzTHpzpQZzAskKMhZ2K+EnBiSM9zGSoIFeMpXKxa4dYeZIQqewQ=="
    },
    "interpret": {
      "version": "1.4.0",
      "resolved": "https://registry.npmjs.org/interpret/-/interpret-1.4.0.tgz",
      "integrity": "sha512-agE4QfB2Lkp9uICn7BAqoscw4SZP9kTE2hxiFI3jBPmXJfdqiahTbUuKGsMoN2GtqL9AxhYioAcVvgsb1HvRbA=="
    },
    "is-core-module": {
      "version": "2.8.1",
      "resolved": "https://registry.npmjs.org/is-core-module/-/is-core-module-2.8.1.tgz",
      "integrity": "sha512-SdNCUs284hr40hFTFP6l0IfZ/RSrMXF3qgoRHd3/79unUTvrFO/JoXwkGm+5J/Oe3E/b5GsnG330uUNgRpu1PA==",
      "requires": {
        "has": "^1.0.3"
      }
    },
    "json-format": {
      "version": "1.0.1",
      "resolved": "https://registry.npmjs.org/json-format/-/json-format-1.0.1.tgz",
      "integrity": "sha1-FD9n5irxKda//tKIpGJl6iPQ3ww="
    },
    "lodash-es": {
      "version": "4.17.21",
      "resolved": "https://registry.npmjs.org/lodash-es/-/lodash-es-4.17.21.tgz",
      "integrity": "sha512-mKnC+QJ9pWVzv+C4/U3rRsHapFfHvQFoFB92e52xeyGMcX6/OlIl78je1u8vePzYZSkkogMPJ2yjxxsb89cxyw=="
    },
    "minimatch": {
      "version": "3.1.2",
      "resolved": "https://registry.npmjs.org/minimatch/-/minimatch-3.1.2.tgz",
      "integrity": "sha512-J7p63hRiAjw1NDEww1W7i37+ByIrOWO5XQQAzZ3VOcL0PNybwpfmV/N05zFAzwQ9USyEcX6t3UO+K5aqBQOIHw==",
      "requires": {
        "brace-expansion": "^1.1.7"
      }
    },
    "moment": {
      "version": "2.29.1",
      "resolved": "https://registry.npmjs.org/moment/-/moment-2.29.1.tgz",
      "integrity": "sha512-kHmoybcPV8Sqy59DwNDY3Jefr64lK/by/da0ViFcuA4DH0vQg5Q6Ze5VimxkfQNSC+Mls/Kx53s7TjP1RhFEDQ=="
    },
    "moment-timezone": {
      "version": "0.5.34",
      "resolved": "https://registry.npmjs.org/moment-timezone/-/moment-timezone-0.5.34.tgz",
      "integrity": "sha512-3zAEHh2hKUs3EXLESx/wsgw6IQdusOT8Bxm3D9UrHPQR7zlMmzwybC8zHEM1tQ4LJwP7fcxrWr8tuBg05fFCbg==",
      "requires": {
        "moment": ">= 2.9.0"
      }
    },
    "node-cron": {
      "version": "3.0.0",
      "resolved": "https://registry.npmjs.org/node-cron/-/node-cron-3.0.0.tgz",
      "integrity": "sha512-DDwIvvuCwrNiaU7HEivFDULcaQualDv7KoNlB/UU1wPW0n1tDEmBJKhEIE6DlF2FuoOHcNbLJ8ITL2Iv/3AWmA==",
      "requires": {
        "moment-timezone": "^0.5.31"
      }
    },
    "once": {
      "version": "1.4.0",
      "resolved": "https://registry.npmjs.org/once/-/once-1.4.0.tgz",
      "integrity": "sha1-WDsap3WWHUsROsF9nFC6753Xa9E=",
      "requires": {
        "wrappy": "1"
      }
    },
    "path-is-absolute": {
      "version": "1.0.1",
      "resolved": "https://registry.npmjs.org/path-is-absolute/-/path-is-absolute-1.0.1.tgz",
      "integrity": "sha1-F0uSaHNVNP+8es5r9TpanhtcX18="
    },
    "path-parse": {
      "version": "1.0.7",
      "resolved": "https://registry.npmjs.org/path-parse/-/path-parse-1.0.7.tgz",
      "integrity": "sha512-LDJzPVEEEPR+y48z93A0Ed0yXb8pAByGWo/k5YYdYgpY2/2EsOsksJrq7lOHxryrVOn1ejG6oAp8ahvOIQD8sw=="
    },
    "rechoir": {
      "version": "0.6.2",
      "resolved": "https://registry.npmjs.org/rechoir/-/rechoir-0.6.2.tgz",
      "integrity": "sha1-hSBLVNuoLVdC4oyWdW70OvUOM4Q=",
      "requires": {
        "resolve": "^1.1.6"
      }
    },
    "resolve": {
      "version": "1.22.0",
      "resolved": "https://registry.npmjs.org/resolve/-/resolve-1.22.0.tgz",
      "integrity": "sha512-Hhtrw0nLeSrFQ7phPp4OOcVjLPIeMnRlr5mcnVuMe7M/7eBn98A3hmFRLoFo3DLZkivSYwhRUJTyPyWAk56WLw==",
      "requires": {
        "is-core-module": "^2.8.1",
        "path-parse": "^1.0.7",
        "supports-preserve-symlinks-flag": "^1.0.0"
      }
    },
    "shelljs": {
      "version": "0.8.5",
      "resolved": "https://registry.npmjs.org/shelljs/-/shelljs-0.8.5.tgz",
      "integrity": "sha512-TiwcRcrkhHvbrZbnRcFYMLl30Dfov3HKqzp5tO5b4pt6G/SezKcYhmDg15zXVBswHmctSAQKznqNW2LO5tTDow==",
      "requires": {
        "glob": "^7.0.0",
        "interpret": "^1.0.0",
        "rechoir": "^0.6.2"
      }
    },
    "supports-preserve-symlinks-flag": {
      "version": "1.0.0",
      "resolved": "https://registry.npmjs.org/supports-preserve-symlinks-flag/-/supports-preserve-symlinks-flag-1.0.0.tgz",
      "integrity": "sha512-ot0WnXS9fgdkgIcePe6RHNk1WA8+muPa6cSjeR3V8K27q9BB1rTE3R1p7Hv0z1ZyAc8s6Vvv8DIyWf681MAt0w=="
    },
    "wrappy": {
      "version": "1.0.2",
      "resolved": "https://registry.npmjs.org/wrappy/-/wrappy-1.0.2.tgz",
      "integrity": "sha1-tSQ9jz7BqjXxNkYFvA0QNuMKtp8="
    }
  }
}
